
Microsoft Visual Studio Solution File, Format Version 12.00
# Visual Studio Version 17
VisualStudioVersion = 17.8.34330.188
MinimumVisualStudioVersion = 10.0.40219.1
Project("{FAE04EC0-301F-11D3-BF4B-00C04F79EFBC}") = "UnitTestProject", "UnitTestProject.csproj", "{8216B85C-4AD9-4059-9F6C-4BB2175D9682}"
EndProject
Project("{FAE04EC0-301F-11D3-BF4B-00C04F79EFBC}") = "ClassLibrary2", "..\ClassLibrary2\ClassLibrary2.csproj", "{AA06767F-E5BF-4C82-B62A-5A6CED755FCE}"
EndProject
Global
	GlobalSection(SolutionConfigurationPlatforms) = preSolution
		Debug|Any CPU = Debug|Any CPU
		Release|Any CPU = Release|Any CPU
	EndGlobalSection
	GlobalSection(ProjectConfigurationPlatforms) = postSolution
		{8216B85C-4AD9-4059-9F6C-4BB2175D9682}.Debug|Any CPU.ActiveCfg = Debug|Any CPU
		{8216B85C-4AD9-4059-9F6C-4BB2175D9682}.Debug|Any CPU.Build.0 = Debug|Any CPU
		{8216B85C-4AD9-4059-9F6C-4BB2175D9682}.Release|Any CPU.ActiveCfg = Release|Any CPU
		{8216B85C-4AD9-4059-9F6C-4BB2175D9682}.Release|Any CPU.Build.0 = Release|Any CPU
		{AA06767F-E5BF-4C82-B62A-5A6CED755FCE}.Debug|Any CPU.ActiveCfg = Debug|Any CPU
		{AA06767F-E5BF-4C82-B62A-5A6CED755FCE}.Debug|Any CPU.Build.0 = Debug|Any CPU
		{AA06767F-E5BF-4C82-B62A-5A6CED755FCE}.Release|Any CPU.ActiveCfg = Release|Any CPU
		{AA06767F-E5BF-4C82-B62A-5A6CED755FCE}.Release|Any CPU.Build.0 = Release|Any CPU
	EndGlobalSection
	GlobalSection(SolutionProperties) = preSolution
		HideSolutionNode = FALSE
	EndGlobalSection
	GlobalSection(ExtensibilityGlobals) = postSolution
		SolutionGuid = {58DAD145-1DF1-4310-9099-F3C4533C019F}
	EndGlobalSection
EndGlobal
